
Microsoft Visual Studio Solution File, Format Version 12.00
# Visual Studio Version 17
VisualStudioVersion = 17.12.35707.178
MinimumVisualStudioVersion = 10.0.40219.1
Project("{FAE04EC0-301F-11D3-BF4B-00C04F79EFBC}") = "PersonalFinances.Server", "PersonalFinances.Server\PersonalFinances.Server.csproj", "{1F7C3544-C417-4B12-8D2A-66A2C12BF8BA}"
EndProject
Project("{54A90642-561A-4BB1-A94E-469ADEE60C69}") = "personalfinances.client", "personalfinances.client\personalfinances.client.esproj", "{1A829F6C-9EF5-4AAB-A1D9-1CDEC776ACCC}"
EndProject
Project("{FAE04EC0-301F-11D3-BF4B-00C04F79EFBC}") = "PersonalFinances.BLL", "PersonalFinances.BLL\PersonalFinances.BLL.csproj", "{7E0BD299-CB1E-4885-A9BB-9DCB6D64B4BF}"
EndProject
Project("{FAE04EC0-301F-11D3-BF4B-00C04F79EFBC}") = "PersonalFinances.DAL", "PersonalFinances.DAL\PersonalFinances.DAL.csproj", "{E94BAE02-532B-45AB-AD66-735525A2B9F0}"
EndProject
Global
	GlobalSection(SolutionConfigurationPlatforms) = preSolution
		Debug|Any CPU = Debug|Any CPU
		Release|Any CPU = Release|Any CPU
	EndGlobalSection
	GlobalSection(ProjectConfigurationPlatforms) = postSolution
		{1F7C3544-C417-4B12-8D2A-66A2C12BF8BA}.Debug|Any CPU.ActiveCfg = Debug|Any CPU
		{1F7C3544-C417-4B12-8D2A-66A2C12BF8BA}.Debug|Any CPU.Build.0 = Debug|Any CPU
		{1F7C3544-C417-4B12-8D2A-66A2C12BF8BA}.Release|Any CPU.ActiveCfg = Release|Any CPU
		{1F7C3544-C417-4B12-8D2A-66A2C12BF8BA}.Release|Any CPU.Build.0 = Release|Any CPU
		{1A829F6C-9EF5-4AAB-A1D9-1CDEC776ACCC}.Debug|Any CPU.ActiveCfg = Debug|Any CPU
		{1A829F6C-9EF5-4AAB-A1D9-1CDEC776ACCC}.Debug|Any CPU.Build.0 = Debug|Any CPU
		{1A829F6C-9EF5-4AAB-A1D9-1CDEC776ACCC}.Debug|Any CPU.Deploy.0 = Debug|Any CPU
		{1A829F6C-9EF5-4AAB-A1D9-1CDEC776ACCC}.Release|Any CPU.ActiveCfg = Release|Any CPU
		{1A829F6C-9EF5-4AAB-A1D9-1CDEC776ACCC}.Release|Any CPU.Build.0 = Release|Any CPU
		{1A829F6C-9EF5-4AAB-A1D9-1CDEC776ACCC}.Release|Any CPU.Deploy.0 = Release|Any CPU
		{7E0BD299-CB1E-4885-A9BB-9DCB6D64B4BF}.Debug|Any CPU.ActiveCfg = Debug|Any CPU
		{7E0BD299-CB1E-4885-A9BB-9DCB6D64B4BF}.Debug|Any CPU.Build.0 = Debug|Any CPU
		{7E0BD299-CB1E-4885-A9BB-9DCB6D64B4BF}.Release|Any CPU.ActiveCfg = Release|Any CPU
		{7E0BD299-CB1E-4885-A9BB-9DCB6D64B4BF}.Release|Any CPU.Build.0 = Release|Any CPU
		{E94BAE02-532B-45AB-AD66-735525A2B9F0}.Debug|Any CPU.ActiveCfg = Debug|Any CPU
		{E94BAE02-532B-45AB-AD66-735525A2B9F0}.Debug|Any CPU.Build.0 = Debug|Any CPU
		{E94BAE02-532B-45AB-AD66-735525A2B9F0}.Release|Any CPU.ActiveCfg = Release|Any CPU
		{E94BAE02-532B-45AB-AD66-735525A2B9F0}.Release|Any CPU.Build.0 = Release|Any CPU
	EndGlobalSection
	GlobalSection(SolutionProperties) = preSolution
		HideSolutionNode = FALSE
	EndGlobalSection
EndGlobal
